
Microsoft Visual Studio Solution File, Format Version 12.00
# Visual Studio Version 17
VisualStudioVersion = 17.2.32616.157
MinimumVisualStudioVersion = 10.0.40219.1
Project("{FAE04EC0-301F-11D3-BF4B-00C04F79EFBC}") = "uploadimagefullstack", "uploadimagefullstack\uploadimagefullstack.csproj", "{9CD246BC-6F33-4973-AB2B-611503587937}"
EndProject
Global
	GlobalSection(SolutionConfigurationPlatforms) = preSolution
		Debug|Any CPU = Debug|Any CPU
		Release|Any CPU = Release|Any CPU
	EndGlobalSection
	GlobalSection(ProjectConfigurationPlatforms) = postSolution
		{9CD246BC-6F33-4973-AB2B-611503587937}.Debug|Any CPU.ActiveCfg = Debug|Any CPU
		{9CD246BC-6F33-4973-AB2B-611503587937}.Debug|Any CPU.Build.0 = Debug|Any CPU
		{9CD246BC-6F33-4973-AB2B-611503587937}.Release|Any CPU.ActiveCfg = Release|Any CPU
		{9CD246BC-6F33-4973-AB2B-611503587937}.Release|Any CPU.Build.0 = Release|Any CPU
	EndGlobalSection
	GlobalSection(SolutionProperties) = preSolution
		HideSolutionNode = FALSE
	EndGlobalSection
	GlobalSection(ExtensibilityGlobals) = postSolution
		SolutionGuid = {7B739F97-A2FB-4E0B-8E8D-8ACDCF942F6D}
	EndGlobalSection
EndGlobal
